PODS:
  - Lytics (0.0.1):
    - SwiftFormat/CLI
    - SwiftLint
  - SwiftFormat/CLI (0.46.3)
  - SwiftLint (0.40.3)

DEPENDENCIES:
  - Lytics (from `./`)

SPEC REPOS:
  trunk:
    - SwiftFormat
    - SwiftLint

EXTERNAL SOURCES:
  Lytics:
    :path: "./"

SPEC CHECKSUMS:
  Lytics: 233b7fd5c8d50256c67d0f32c84f548276d1fad8
  SwiftFormat: b639417da9e024b9e782f917bc9a080cf75bcb37
  SwiftLint: dfd554ff0dff17288ee574814ccdd5cea85d76f7

PODFILE CHECKSUM: 5e9f4efef80b8912f63d7c8724c2fb02c909b771

COCOAPODS: 1.9.3
